// !$*UTF8*$!
{
	archiveVersion = 1;
	classes = {
	};
	objectVersion = 51;
	objects = {

/* Begin PBXBuildFile section */
		B87A0BFA32FAD1A644F65CC0 /* Pods_BaseApp.framework in Frameworks */ = {isa = PBXBuildFile; fileRef = E21FB2E9E299A267B8F6D61E /* Pods_BaseApp.framework */; };
		F19B86D624105D44002A2A4F /* AppDelegate.swift in Sources */ = {isa = PBXBuildFile; fileRef = F19B86D524105D44002A2A4F /* AppDelegate.swift */; };
		F19B86D824105D44002A2A4F /* SceneDelegate.swift in Sources */ = {isa = PBXBuildFile; fileRef = F19B86D724105D44002A2A4F /* SceneDelegate.swift */; };
		F19B86DA24105D44002A2A4F /* ViewController.swift in Sources */ = {isa = PBXBuildFile; fileRef = F19B86D924105D44002A2A4F /* ViewController.swift */; };
		F19B86DD24105D44002A2A4F /* Main.storyboard in Resources */ = {isa = PBXBuildFile; fileRef = F19B86DB24105D44002A2A4F /* Main.storyboard */; };
		F19B86DF24105D44002A2A4F /* Assets.xcassets in Resources */ = {isa = PBXBuildFile; fileRef = F19B86DE24105D44002A2A4F /* Assets.xcassets */; };
		F19B86E224105D44002A2A4F /* LaunchScreen.storyboard in Resources */ = {isa = PBXBuildFile; fileRef = F19B86E024105D44002A2A4F /* LaunchScreen.storyboard */; };
		F19B86EA2410741B002A2A4F /* AirplaneFinder.swift in Sources */ = {isa = PBXBuildFile; fileRef = F19B86E92410741B002A2A4F /* AirplaneFinder.swift */; };
		F19B86EC2410742F002A2A4F /* Plane.swift in Sources */ = {isa = PBXBuildFile; fileRef = F19B86EB2410742F002A2A4F /* Plane.swift */; };
		F19B86F52410746A002A2A4F /* Bristol.dae in Resources */ = {isa = PBXBuildFile; fileRef = F19B86EE2410746A002A2A4F /* Bristol.dae */; };
		F19B86F62410746A002A2A4F /* logo.jpg in Resources */ = {isa = PBXBuildFile; fileRef = F19B86EF2410746A002A2A4F /* logo.jpg */; };
		F19B86F72410746A002A2A4F /* B_787_8.dae in Resources */ = {isa = PBXBuildFile; fileRef = F19B86F02410746A002A2A4F /* B_787_8.dae */; };
		F19B86F82410746A002A2A4F /* texture.png in Resources */ = {isa = PBXBuildFile; fileRef = F19B86F12410746A002A2A4F /* texture.png */; };
		F19B86F92410746A002A2A4F /* Thumbs.db in Resources */ = {isa = PBXBuildFile; fileRef = F19B86F22410746A002A2A4F /* Thumbs.db */; };
		F19B86FA2410746A002A2A4F /* Bristol.png in Resources */ = {isa = PBXBuildFile; fileRef = F19B86F32410746A002A2A4F /* Bristol.png */; };
		F19B86FB2410746A002A2A4F /* texture_ref.png in Resources */ = {isa = PBXBuildFile; fileRef = F19B86F42410746A002A2A4F /* texture_ref.png */; };
/* End PBXBuildFile section */

/* Begin PBXFileReference section */
		03839B001177CDBB57F6EE08 /* Pods-BaseApp.release.xcconfig */ = {isa = PBXFileReference; includeInIndex = 1; lastKnownFileType = text.xcconfig; name = "Pods-BaseApp.release.xcconfig"; path = "Target Support Files/Pods-BaseApp/Pods-BaseApp.release.xcconfig"; sourceTree = "<group>"; };
		71AB2CB2E74B5579DB76FB1B /* Pods-BaseApp.debug.xcconfig */ = {isa = PBXFileReference; includeInIndex = 1; lastKnownFileType = text.xcconfig; name = "Pods-BaseApp.debug.xcconfig"; path = "Target Support Files/Pods-BaseApp/Pods-BaseApp.debug.xcconfig"; sourceTree = "<group>"; };
		E21FB2E9E299A267B8F6D61E /* Pods_BaseApp.framework */ = {isa = PBXFileReference; explicitFileType = wrapper.framework; includeInIndex = 0; path = Pods_BaseApp.framework; sourceTree = BUILT_PRODUCTS_DIR; };
		F19B86D224105D44002A2A4F /* BaseApp.app */ = {isa = PBXFileReference; explicitFileType = wrapper.application; includeInIndex = 0; path = BaseApp.app; sourceTree = BUILT_PRODUCTS_DIR; };
		F19B86D524105D44002A2A4F /* AppDelegate.swift */ = {isa = PBXFileReference; lastKnownFileType = sourcecode.swift; path = AppDelegate.swift; sourceTree = "<group>"; };
		F19B86D724105D44002A2A4F /* SceneDelegate.swift */ = {isa = PBXFileReference; lastKnownFileType = sourcecode.swift; path = SceneDelegate.swift; sourceTree = "<group>"; };
		F19B86D924105D44002A2A4F /* ViewController.swift */ = {isa = PBXFileReference; lastKnownFileType = sourcecode.swift; path = ViewController.swift; sourceTree = "<group>"; };
		F19B86DC24105D44002A2A4F /* Base */ = {isa = PBXFileReference; lastKnownFileType = file.storyboard; name = Base; path = Base.lproj/Main.storyboard; sourceTree = "<group>"; };
		F19B86DE24105D44002A2A4F /* Assets.xcassets */ = {isa = PBXFileReference; lastKnownFileType = folder.assetcatalog; path = Assets.xcassets; sourceTree = "<group>"; };
		F19B86E124105D44002A2A4F /* Base */ = {isa = PBXFileReference; lastKnownFileType = file.storyboard; name = Base; path = Base.lproj/LaunchScreen.storyboard; sourceTree = "<group>"; };
		F19B86E324105D44002A2A4F /* Info.plist */ = {isa = PBXFileReference; lastKnownFileType = text.plist.xml; path = Info.plist; sourceTree = "<group>"; };
		F19B86E92410741B002A2A4F /* AirplaneFinder.swift */ = {isa = PBXFileReference; lastKnownFileType = sourcecode.swift; path = AirplaneFinder.swift; sourceTree = "<group>"; };
		F19B86EB2410742F002A2A4F /* Plane.swift */ = {isa = PBXFileReference; lastKnownFileType = sourcecode.swift; path = Plane.swift; sourceTree = "<group>"; };
		F19B86EE2410746A002A2A4F /* Bristol.dae */ = {isa = PBXFileReference; explicitFileType = compiled; fileEncoding = 4; name = Bristol.dae; path = "../../../../../Downloads/OneDrive_1_3-3-2020/Bristol.dae"; sourceTree = "<group>"; };
		F19B86EF2410746A002A2A4F /* logo.jpg */ = {isa = PBXFileReference; explicitFileType = compiled; name = logo.jpg; path = "../../../../../Downloads/OneDrive_1_3-3-2020/logo.jpg"; sourceTree = "<group>"; };
		F19B86F02410746A002A2A4F /* B_787_8.dae */ = {isa = PBXFileReference; explicitFileType = compiled; fileEncoding = 4; name = B_787_8.dae; path = ../../../../../Downloads/B_787_8.dae; sourceTree = "<group>"; };
		F19B86F12410746A002A2A4F /* texture.png */ = {isa = PBXFileReference; explicitFileType = compiled; name = texture.png; path = "../../../../../Downloads/OneDrive_1_3-3-2020/texture.png"; sourceTree = "<group>"; };
		F19B86F22410746A002A2A4F /* Thumbs.db */ = {isa = PBXFileReference; explicitFileType = compiled; name = Thumbs.db; path = "../../../../../Downloads/OneDrive_1_3-3-2020/Thumbs.db"; sourceTree = "<group>"; };
		F19B86F32410746A002A2A4F /* Bristol.png */ = {isa = PBXFileReference; explicitFileType = compiled; name = Bristol.png; path = "../../../../../Downloads/OneDrive_1_3-3-2020/Bristol.png"; sourceTree = "<group>"; };
		F19B86F42410746A002A2A4F /* texture_ref.png */ = {isa = PBXFileReference; explicitFileType = compiled; name = texture_ref.png; path = "../../../../../Downloads/OneDrive_1_3-3-2020/texture_ref.png"; sourceTree = "<group>"; };
/* End PBXFileReference section */

/* Begin PBXFrameworksBuildPhase section */
		F19B86CF24105D44002A2A4F /* Frameworks */ = {
			isa = PBXFrameworksBuildPhase;
			buildActionMask = 2147483647;
			files = (
				B87A0BFA32FAD1A644F65CC0 /* Pods_BaseApp.framework in Frameworks */,
			);
			runOnlyForDeploymentPostprocessing = 0;
		};
/* End PBXFrameworksBuildPhase section */

/* Begin PBXGroup section */
		2973E8AECF9C9CB903A21C33 /* Frameworks */ = {
			isa = PBXGroup;
			children = (
				E21FB2E9E299A267B8F6D61E /* Pods_BaseApp.framework */,
			);
			name = Frameworks;
			sourceTree = "<group>";
		};
		70C47795E8C81CE8EF770ADC /* Pods */ = {
			isa = PBXGroup;
			children = (
				71AB2CB2E74B5579DB76FB1B /* Pods-BaseApp.debug.xcconfig */,
				03839B001177CDBB57F6EE08 /* Pods-BaseApp.release.xcconfig */,
			);
			path = Pods;
			sourceTree = "<group>";
		};
		F19B86C924105D44002A2A4F = {
			isa = PBXGroup;
			children = (
				F19B86D424105D44002A2A4F /* BaseApp */,
				F19B86D324105D44002A2A4F /* Products */,
				70C47795E8C81CE8EF770ADC /* Pods */,
				2973E8AECF9C9CB903A21C33 /* Frameworks */,
			);
			sourceTree = "<group>";
		};
		F19B86D324105D44002A2A4F /* Products */ = {
			isa = PBXGroup;
			children = (
				F19B86D224105D44002A2A4F /* BaseApp.app */,
			);
			name = Products;
			sourceTree = "<group>";
		};
		F19B86D424105D44002A2A4F /* BaseApp */ = {
			isa = PBXGroup;
			children = (
				F19B86ED2410744E002A2A4F /* Models */,
				F19B86D524105D44002A2A4F /* AppDelegate.swift */,
				F19B86D724105D44002A2A4F /* SceneDelegate.swift */,
				F19B86D924105D44002A2A4F /* ViewController.swift */,
				F19B86DB24105D44002A2A4F /* Main.storyboard */,
				F19B86DE24105D44002A2A4F /* Assets.xcassets */,
				F19B86E024105D44002A2A4F /* LaunchScreen.storyboard */,
				F19B86E324105D44002A2A4F /* Info.plist */,
				F19B86E92410741B002A2A4F /* AirplaneFinder.swift */,
				F19B86EB2410742F002A2A4F /* Plane.swift */,
			);
			path = BaseApp;
			sourceTree = "<group>";
		};
		F19B86ED2410744E002A2A4F /* Models */ = {
			isa = PBXGroup;
			children = (
				F19B86F02410746A002A2A4F /* B_787_8.dae */,
				F19B86EE2410746A002A2A4F /* Bristol.dae */,
				F19B86F32410746A002A2A4F /* Bristol.png */,
				F19B86EF2410746A002A2A4F /* logo.jpg */,
				F19B86F42410746A002A2A4F /* texture_ref.png */,
				F19B86F12410746A002A2A4F /* texture.png */,
				F19B86F22410746A002A2A4F /* Thumbs.db */,
			);
			path = Models;
			sourceTree = "<group>";
		};
/* End PBXGroup section */

/* Begin PBXNativeTarget section */
		F19B86D124105D44002A2A4F /* BaseApp */ = {
			isa = PBXNativeTarget;
			buildConfigurationList = F19B86E624105D44002A2A4F /* Build configuration list for PBXNativeTarget "BaseApp" */;
			buildPhases = (
				773DF565E440C23A3F883FD6 /* [CP] Check Pods Manifest.lock */,
				F19B86CE24105D44002A2A4F /* Sources */,
				F19B86CF24105D44002A2A4F /* Frameworks */,
				F19B86D024105D44002A2A4F /* Resources */,
				7B55EE9E6097E06D238E2F34 /* [CP] Embed Pods Frameworks */,
			);
			buildRules = (
			);
			dependencies = (
			);
			name = BaseApp;
			productName = BaseApp;
			productReference = F19B86D224105D44002A2A4F /* BaseApp.app */;
			productType = "com.apple.product-type.application";
		};
/* End PBXNativeTarget section */

/* Begin PBXProject section */
		F19B86CA24105D44002A2A4F /* Project object */ = {
			isa = PBXProject;
			attributes = {
				LastSwiftUpdateCheck = 1130;
				LastUpgradeCheck = 1130;
				ORGANIZATIONNAME = "Matthew Nelson";
				TargetAttributes = {
					F19B86D124105D44002A2A4F = {
						CreatedOnToolsVersion = 11.3.1;
					};
				};
			};
			buildConfigurationList = F19B86CD24105D44002A2A4F /* Build configuration list for PBXProject "BaseApp" */;
			compatibilityVersion = "Xcode 9.3";
			developmentRegion = en;
			hasScannedForEncodings = 0;
			knownRegions = (
				en,
				Base,
			);
			mainGroup = F19B86C924105D44002A2A4F;
			productRefGroup = F19B86D324105D44002A2A4F /* Products */;
			projectDirPath = "";
			projectRoot = "";
			targets = (
				F19B86D124105D44002A2A4F /* BaseApp */,
			);
		};
/* End PBXProject section */

/* Begin PBXResourcesBuildPhase section */
		F19B86D024105D44002A2A4F /* Resources */ = {
			isa = PBXResourcesBuildPhase;
			buildActionMask = 2147483647;
			files = (
				F19B86F92410746A002A2A4F /* Thumbs.db in Resources */,
				F19B86E224105D44002A2A4F /* LaunchScreen.storyboard in Resources */,
				F19B86F82410746A002A2A4F /* texture.png in Resources */,
				F19B86FB2410746A002A2A4F /* texture_ref.png in Resources */,
				F19B86F62410746A002A2A4F /* logo.jpg in Resources */,
				F19B86DF24105D44002A2A4F /* Assets.xcassets in Resources */,
				F19B86FA2410746A002A2A4F /* Bristol.png in Resources */,
				F19B86F52410746A002A2A4F /* Bristol.dae in Resources */,
				F19B86DD24105D44002A2A4F /* Main.storyboard in Resources */,
				F19B86F72410746A002A2A4F /* B_787_8.dae in Resources */,
			);
			runOnlyForDeploymentPostprocessing = 0;
		};
/* End PBXResourcesBuildPhase section */

/* Begin PBXShellScriptBuildPhase section */
		773DF565E440C23A3F883FD6 /* [CP] Check Pods Manifest.lock */ = {
			isa = PBXShellScriptBuildPhase;
			buildActionMask = 2147483647;
			files = (
			);
			inputFileListPaths = (
			);
			inputPaths = (
				"${PODS_PODFILE_DIR_PATH}/Podfile.lock",
				"${PODS_ROOT}/Manifest.lock",
			);
			name = "[CP] Check Pods Manifest.lock";
			outputFileListPaths = (
			);
			outputPaths = (
				"$(DERIVED_FILE_DIR)/Pods-BaseApp-checkManifestLockResult.txt",
			);
			runOnlyForDeploymentPostprocessing = 0;
			shellPath = /bin/sh;
			shellScript = "diff \"${PODS_PODFILE_DIR_PATH}/Podfile.lock\" \"${PODS_ROOT}/Manifest.lock\" > /dev/null\nif [ $? != 0 ] ; then\n    # print error to STDERR\n    echo \"error: The sandbox is not in sync with the Podfile.lock. Run 'pod install' or update your CocoaPods installation.\" >&2\n    exit 1\nfi\n# This output is used by Xcode 'outputs' to avoid re-running this script phase.\necho \"SUCCESS\" > \"${SCRIPT_OUTPUT_FILE_0}\"\n";
			showEnvVarsInLog = 0;
		};
		7B55EE9E6097E06D238E2F34 /* [CP] Embed Pods Frameworks */ = {
			isa = PBXShellScriptBuildPhase;
			buildActionMask = 2147483647;
			files = (
			);
			inputFileListPaths = (
				"${PODS_ROOT}/Target Support Files/Pods-BaseApp/Pods-BaseApp-frameworks-${CONFIGURATION}-input-files.xcfilelist",
			);
			name = "[CP] Embed Pods Frameworks";
			outputFileListPaths = (
				"${PODS_ROOT}/Target Support Files/Pods-BaseApp/Pods-BaseApp-frameworks-${CONFIGURATION}-output-files.xcfilelist",
			);
			runOnlyForDeploymentPostprocessing = 0;
			shellPath = /bin/sh;
			shellScript = "\"${PODS_ROOT}/Target Support Files/Pods-BaseApp/Pods-BaseApp-frameworks.sh\"\n";
			showEnvVarsInLog = 0;
		};
/* End PBXShellScriptBuildPhase section */

/* Begin PBXSourcesBuildPhase section */
		F19B86CE24105D44002A2A4F /* Sources */ = {
			isa = PBXSourcesBuildPhase;
			buildActionMask = 2147483647;
			files = (
				F19B86DA24105D44002A2A4F /* ViewController.swift in Sources */,
				F19B86D624105D44002A2A4F /* AppDelegate.swift in Sources */,
				F19B86EC2410742F002A2A4F /* Plane.swift in Sources */,
				F19B86D824105D44002A2A4F /* SceneDelegate.swift in Sources */,
				F19B86EA2410741B002A2A4F /* AirplaneFinder.swift in Sources */,
			);
			runOnlyForDeploymentPostprocessing = 0;
		};
/* End PBXSourcesBuildPhase section */

/* Begin PBXVariantGroup section */
		F19B86DB24105D44002A2A4F /* Main.storyboard */ = {
			isa = PBXVariantGroup;
			children = (
				F19B86DC24105D44002A2A4F /* Base */,
			);
			name = Main.storyboard;
			sourceTree = "<group>";
		};
		F19B86E024105D44002A2A4F /* LaunchScreen.storyboard */ = {
			isa = PBXVariantGroup;
			children = (
				F19B86E124105D44002A2A4F /* Base */,
			);
			name = LaunchScreen.storyboard;
			sourceTree = "<group>";
		};
/* End PBXVariantGroup section */

/* Begin XCBuildConfiguration section */
		F19B86E424105D44002A2A4F /* Debug */ = {
			isa = XCBuildConfiguration;
			buildSettings = {
				ALWAYS_SEARCH_USER_PATHS = NO;
				CLANG_ANALYZER_NONNULL = YES;
				CLANG_ANALYZER_NUMBER_OBJECT_CONVERSION = YES_AGGRESSIVE;
				CLANG_CXX_LANGUAGE_STANDARD = "gnu++14";
				CLANG_CXX_LIBRARY = "libc++";
				CLANG_ENABLE_MODULES = YES;
				CLANG_ENABLE_OBJC_ARC = YES;
				CLANG_ENABLE_OBJC_WEAK = YES;
				CLANG_WARN_BLOCK_CAPTURE_AUTORELEASING = YES;
				CLANG_WARN_BOOL_CONVERSION = YES;
				CLANG_WARN_COMMA = YES;
				CLANG_WARN_CONSTANT_CONVERSION = YES;
				CLANG_WARN_DEPRECATED_OBJC_IMPLEMENTATIONS = YES;
				CLANG_WARN_DIRECT_OBJC_ISA_USAGE = YES_ERROR;
				CLANG_WARN_DOCUMENTATION_COMMENTS = YES;
				CLANG_WARN_EMPTY_BODY = YES;
				CLANG_WARN_ENUM_CONVERSION = YES;
				CLANG_WARN_INFINITE_RECURSION = YES;
				CLANG_WARN_INT_CONVERSION = YES;
				CLANG_WARN_NON_LITERAL_NULL_CONVERSION = YES;
				CLANG_WARN_OBJC_IMPLICIT_RETAIN_SELF = YES;
				CLANG_WARN_OBJC_LITERAL_CONVERSION = YES;
				CLANG_WARN_OBJC_ROOT_CLASS = YES_ERROR;
				CLANG_WARN_RANGE_LOOP_ANALYSIS = YES;
				CLANG_WARN_STRICT_PROTOTYPES = YES;
				CLANG_WARN_SUSPICIOUS_MOVE = YES;
				CLANG_WARN_UNGUARDED_AVAILABILITY = YES_AGGRESSIVE;
				CLANG_WARN_UNREACHABLE_CODE = YES;
				CLANG_WARN__DUPLICATE_METHOD_MATCH = YES;
				COPY_PHASE_STRIP = NO;
				DEBUG_INFORMATION_FORMAT = dwarf;
				ENABLE_STRICT_OBJC_MSGSEND = YES;
				ENABLE_TESTABILITY = YES;
				GCC_C_LANGUAGE_STANDARD = gnu11;
				GCC_DYNAMIC_NO_PIC = NO;
				GCC_NO_COMMON_BLOCKS = YES;
				GCC_OPTIMIZATION_LEVEL = 0;
				GCC_PREPROCESSOR_DEFINITIONS = (
					"DEBUG=1",
					"$(inherited)",
				);
				GCC_WARN_64_TO_32_BIT_CONVERSION = YES;
				GCC_WARN_ABOUT_RETURN_TYPE = YES_ERROR;
				GCC_WARN_UNDECLARED_SELECTOR = YES;
				GCC_WARN_UNINITIALIZED_AUTOS = YES_AGGRESSIVE;
				GCC_WARN_UNUSED_FUNCTION = YES;
				GCC_WARN_UNUSED_VARIABLE = YES;
				IPHONEOS_DEPLOYMENT_TARGET = 13.2;
				MTL_ENABLE_DEBUG_INFO = INCLUDE_SOURCE;
				MTL_FAST_MATH = YES;
				ONLY_ACTIVE_ARCH = YES;
				SDKROOT = iphoneos;
				SWIFT_ACTIVE_COMPILATION_CONDITIONS = DEBUG;
				SWIFT_OPTIMIZATION_LEVEL = "-Onone";
			};
			name = Debug;
		};
		F19B86E524105D44002A2A4F /* Release */ = {
			isa = XCBuildConfiguration;
			buildSettings = {
				ALWAYS_SEARCH_USER_PATHS = NO;
				CLANG_ANALYZER_NONNULL = YES;
				CLANG_ANALYZER_NUMBER_OBJECT_CONVERSION = YES_AGGRESSIVE;
				CLANG_CXX_LANGUAGE_STANDARD = "gnu++14";
				CLANG_CXX_LIBRARY = "libc++";
				CLANG_ENABLE_MODULES = YES;
				CLANG_ENABLE_OBJC_ARC = YES;
				CLANG_ENABLE_OBJC_WEAK = YES;
				CLANG_WARN_BLOCK_CAPTURE_AUTORELEASING = YES;
				CLANG_WARN_BOOL_CONVERSION = YES;
				CLANG_WARN_COMMA = YES;
				CLANG_WARN_CONSTANT_CONVERSION = YES;
				CLANG_WARN_DEPRECATED_OBJC_IMPLEMENTATIONS = YES;
				CLANG_WARN_DIRECT_OBJC_ISA_USAGE = YES_ERROR;
				CLANG_WARN_DOCUMENTATION_COMMENTS = YES;
				CLANG_WARN_EMPTY_BODY = YES;
				CLANG_WARN_ENUM_CONVERSION = YES;
				CLANG_WARN_INFINITE_RECURSION = YES;
				CLANG_WARN_INT_CONVERSION = YES;
				CLANG_WARN_NON_LITERAL_NULL_CONVERSION = YES;
				CLANG_WARN_OBJC_IMPLICIT_RETAIN_SELF = YES;
				CLANG_WARN_OBJC_LITERAL_CONVERSION = YES;
				CLANG_WARN_OBJC_ROOT_CLASS = YES_ERROR;
				CLANG_WARN_RANGE_LOOP_ANALYSIS = YES;
				CLANG_WARN_STRICT_PROTOTYPES = YES;
				CLANG_WARN_SUSPICIOUS_MOVE = YES;
				CLANG_WARN_UNGUARDED_AVAILABILITY = YES_AGGRESSIVE;
				CLANG_WARN_UNREACHABLE_CODE = YES;
				CLANG_WARN__DUPLICATE_METHOD_MATCH = YES;
				COPY_PHASE_STRIP = NO;
				DEBUG_INFORMATION_FORMAT = "dwarf-with-dsym";
				ENABLE_NS_ASSERTIONS = NO;
				ENABLE_STRICT_OBJC_MSGSEND = YES;
				GCC_C_LANGUAGE_STANDARD = gnu11;
				GCC_NO_COMMON_BLOCKS = YES;
				GCC_WARN_64_TO_32_BIT_CONVERSION = YES;
				GCC_WARN_ABOUT_RETURN_TYPE = YES_ERROR;
				GCC_WARN_UNDECLARED_SELECTOR = YES;
				GCC_WARN_UNINITIALIZED_AUTOS = YES_AGGRESSIVE;
				GCC_WARN_UNUSED_FUNCTION = YES;
				GCC_WARN_UNUSED_VARIABLE = YES;
				IPHONEOS_DEPLOYMENT_TARGET = 13.2;
				MTL_ENABLE_DEBUG_INFO = NO;
				MTL_FAST_MATH = YES;
				SDKROOT = iphoneos;
				SWIFT_COMPILATION_MODE = wholemodule;
				SWIFT_OPTIMIZATION_LEVEL = "-O";
				VALIDATE_PRODUCT = YES;
			};
			name = Release;
		};
		F19B86E724105D44002A2A4F /* Debug */ = {
			isa = XCBuildConfiguration;
			baseConfigurationReference = 71AB2CB2E74B5579DB76FB1B /* Pods-BaseApp.debug.xcconfig */;
			buildSettings = {
				ASSETCATALOG_COMPILER_APPICON_NAME = AppIcon;
				CODE_SIGN_STYLE = Automatic;
				DEVELOPMENT_TEAM = 39P5MHFU45;
				INFOPLIST_FILE = BaseApp/Info.plist;
				LD_RUNPATH_SEARCH_PATHS = (
					"$(inherited)",
					"@executable_path/Frameworks",
				);
				PRODUCT_BUNDLE_IDENTIFIER = matt.BaseApp;
				PRODUCT_NAME = "$(TARGET_NAME)";
				SWIFT_VERSION = 5.0;
				TARGETED_DEVICE_FAMILY = "1,2";
			};
			name = Debug;
		};
		F19B86E824105D44002A2A4F /* Release */ = {
			isa = XCBuildConfiguration;
			baseConfigurationReference = 03839B001177CDBB57F6EE08 /* Pods-BaseApp.release.xcconfig */;
			buildSettings = {
				ASSETCATALOG_COMPILER_APPICON_NAME = AppIcon;
				CODE_SIGN_STYLE = Automatic;
				DEVELOPMENT_TEAM = 39P5MHFU45;
				INFOPLIST_FILE = BaseApp/Info.plist;
				LD_RUNPATH_SEARCH_PATHS = (
					"$(inherited)",
					"@executable_path/Frameworks",
				);
				PRODUCT_BUNDLE_IDENTIFIER = matt.BaseApp;
				PRODUCT_NAME = "$(TARGET_NAME)";
				SWIFT_VERSION = 5.0;
				TARGETED_DEVICE_FAMILY = "1,2";
			};
			name = Release;
		};
/* End XCBuildConfiguration section */

/* Begin XCConfigurationList section */
		F19B86CD24105D44002A2A4F /* Build configuration list for PBXProject "BaseApp" */ = {
			isa = XCConfigurationList;
			buildConfigurations = (
				F19B86E424105D44002A2A4F /* Debug */,
				F19B86E524105D44002A2A4F /* Release */,
			);
			defaultConfigurationIsVisible = 0;
			defaultConfigurationName = Release;
		};
		F19B86E624105D44002A2A4F /* Build configuration list for PBXNativeTarget "BaseApp" */ = {
			isa = XCConfigurationList;
			buildConfigurations = (
				F19B86E724105D44002A2A4F /* Debug */,
				F19B86E824105D44002A2A4F /* Release */,
			);
			defaultConfigurationIsVisible = 0;
			defaultConfigurationName = Release;
		};
/* End XCConfigurationList section */
	};
	rootObject = F19B86CA24105D44002A2A4F /* Project object */;
}
